
Microsoft Visual Studio Solution File, Format Version 12.00
# Visual Studio 2015
Project("{FAE04EC0-301F-11D3-BF4B-00C04F79EFBC}") = "Mini Project 1 (C00192781)", "Mini Project 1 (C00192781).csproj", "{AA2DB425-8584-ACE5-96C5-EB6E980A214C}"
EndProject
Global
	GlobalSection(SolutionConfigurationPlatforms) = preSolution
		Debug|Any CPU = Debug|Any CPU
		Release|Any CPU = Release|Any CPU
	EndGlobalSection
	GlobalSection(ProjectConfigurationPlatforms) = postSolution
		{AA2DB425-8584-ACE5-96C5-EB6E980A214C}.Debug|Any CPU.ActiveCfg = Debug|Any CPU
		{AA2DB425-8584-ACE5-96C5-EB6E980A214C}.Debug|Any CPU.Build.0 = Debug|Any CPU
		{AA2DB425-8584-ACE5-96C5-EB6E980A214C}.Release|Any CPU.ActiveCfg = Release|Any CPU
		{AA2DB425-8584-ACE5-96C5-EB6E980A214C}.Release|Any CPU.Build.0 = Release|Any CPU
	EndGlobalSection
	GlobalSection(SolutionProperties) = preSolution
		HideSolutionNode = FALSE
	EndGlobalSection
EndGlobal
